{
  "name": "dress_store",
  "version": "1.0.0",
  "lockfileVersion": 3,
  "requires": true,
  "packages": {
    "": {
      "name": "dress_store",
      "version": "1.0.0",
      "license": "ISC",
      "workspaces": [
        "applications/*"
      ],
      "devDependencies": {
        "turbo": "^1.10.9"
      }
    },
    "applications/server_app": {
      "version": "1.0.0",
      "license": "ISC"
    },
    "node_modules/server_app": {
      "resolved": "applications/server_app",
      "link": true
    },
    "node_modules/turbo": {
      "version": "1.10.9",
      "resolved": "https://registry.npmjs.org/turbo/-/turbo-1.10.9.tgz",
      "integrity": "sha512-s1ZRRD89NelCYHty1SpV1Elpv2LRrktgcddbZm9oTq1RPNpJFSrrEOAJhNz/w0fxTSjSN1Ey3TWZghjUjgKuzg==",
      "dev": true,
      "hasInstallScript": true,
      "bin": {
        "turbo": "bin/turbo"
      },
      "optionalDependencies": {
        "turbo-darwin-64": "1.10.9",
        "turbo-darwin-arm64": "1.10.9",
        "turbo-linux-64": "1.10.9",
        "turbo-linux-arm64": "1.10.9",
        "turbo-windows-64": "1.10.9",
        "turbo-windows-arm64": "1.10.9"
      }
    },
    "node_modules/turbo-darwin-64": {
      "version": "1.10.9",
      "resolved": "https://registry.npmjs.org/turbo-darwin-64/-/turbo-darwin-64-1.10.9.tgz",
      "integrity": "sha512-Avz3wsYYb8/vjyHPVRFbNbowIiaF33vcBRklIUkPchTLvZekrT5x3ltQBCflyoi2zJV9g08hK4xXTGuCxeVvPA==",
      "cpu": [
        "x64"
      ],
      "dev": true,
      "optional": true,
      "os": [
        "darwin"
      ]
    },
    "node_modules/turbo-darwin-arm64": {
      "version": "1.10.9",
      "resolved": "https://registry.npmjs.org/turbo-darwin-arm64/-/turbo-darwin-arm64-1.10.9.tgz",
      "integrity": "sha512-HyggdSPc/v2HuYrJF75smhIlurn8bY2cWpZYCjOL5Pj2DpLyhBs+nk+JirZl7XQiaUEVFj6eTbsejXyDP2Ritw==",
      "cpu": [
        "arm64"
      ],
      "dev": true,
      "optional": true,
      "os": [
        "darwin"
      ]
    },
    "node_modules/turbo-linux-64": {
      "version": "1.10.9",
      "resolved": "https://registry.npmjs.org/turbo-linux-64/-/turbo-linux-64-1.10.9.tgz",
      "integrity": "sha512-qvdEgJKzDjOYY8o/HlnSwD+TIXiAML+3l6wUG4Ojuh/6cIhemLMRaHmEG+LygRW7GRw3dDv3hpp9OtiKmyxFdQ==",
      "cpu": [
        "x64"
      ],
      "dev": true,
      "optional": true,
      "os": [
        "linux"
      ]
    },
    "node_modules/turbo-linux-arm64": {
      "version": "1.10.9",
      "resolved": "https://registry.npmjs.org/turbo-linux-arm64/-/turbo-linux-arm64-1.10.9.tgz",
      "integrity": "sha512-gva8H3CS8F6HlXL6YTDJAPrvPXVjBCxdd4DKABghjAxdknV5mZV1WWwMuGf0Z2W8qtmNG1XS0Dt2Wrb1ERFnLw==",
      "cpu": [
        "arm64"
      ],
      "dev": true,
      "optional": true,
      "os": [
        "linux"
      ]
    },
    "node_modules/turbo-windows-64": {
      "version": "1.10.9",
      "resolved": "https://registry.npmjs.org/turbo-windows-64/-/turbo-windows-64-1.10.9.tgz",
      "integrity": "sha512-OZ+bkSBJIkyl4JBDk8FX2/bOqtrElfXQV/KQ8/ibddB8Clzn/owx9FS1eXGdvttRZ9IJWzPrdFv+k4vbWQfE7w==",
      "cpu": [
        "x64"
      ],
      "dev": true,
      "optional": true,
      "os": [
        "win32"
      ]
    },
    "node_modules/turbo-windows-arm64": {
      "version": "1.10.9",
      "resolved": "https://registry.npmjs.org/turbo-windows-arm64/-/turbo-windows-arm64-1.10.9.tgz",
      "integrity": "sha512-WhhhioGaePkGdGOIlrOB8LF8400FJUAQcVf8yCTvjzDB+OWn3dJQ3nalFjxH0PlZ17l6TPGt1WvWQiDVXUE4pw==",
      "cpu": [
        "arm64"
      ],
      "dev": true,
      "optional": true,
      "os": [
        "win32"
      ]
    }
  }
}
